{
  "originHash" : "e5e132d937490a62b68ba54fd5d67224e2d91fd35aa4a173d87e4baccfdb1a9d",
  "pins" : [
    {
      "identity" : "drapeauswift",
      "kind" : "remoteSourceControl",
      "location" : "https://github.com/Semaphore-EFREI/DrapeauSwift",
      "state" : {
        "branch" : "main",
        "revision" : "f10060d9169d6a5b50bad61e4fb23b8ed7d0a299"
      }
    }
  ],
  "version" : 3
}
