// !$*UTF8*$!
{
	archiveVersion = 1;
	classes = {
	};
	objectVersion = 77;
	objects = {

/* Begin PBXBuildFile section */
		3D2542E12F320B1700F5EB80 /* Faisceau in Frameworks */ = {isa = PBXBuildFile; productRef = 3D2542E02F320B1700F5EB80 /* Faisceau */; };
		3D2542E32F32118800F5EB80 /* AppEnvironment.swift in Sources */ = {isa = PBXBuildFile; fileRef = 3D2542E22F32118800F5EB80 /* AppEnvironment.swift */; };
		3D2543052F323B1400F5EB80 /* CourseDetailPage.swift in Sources */ = {isa = PBXBuildFile; fileRef = 3D2543042F323B1400F5EB80 /* CourseDetailPage.swift */; };
		3D2543072F3240A100F5EB80 /* SignatureLandingWindow.swift in Sources */ = {isa = PBXBuildFile; fileRef = 3D2543062F3240A100F5EB80 /* SignatureLandingWindow.swift */; };
		3D25430A2F32532200F5EB80 /* SignatureWindow.swift in Sources */ = {isa = PBXBuildFile; fileRef = 3D2543092F32532200F5EB80 /* SignatureWindow.swift */; };
		3D25430C2F32597C00F5EB80 /* SignatureVM.swift in Sources */ = {isa = PBXBuildFile; fileRef = 3D25430B2F32597C00F5EB80 /* SignatureVM.swift */; };
		3D5DC2A32E17414B0058094E /* ContentView.swift in Sources */ = {isa = PBXBuildFile; fileRef = 3D5DC2A02E17414B0058094E /* ContentView.swift */; };
		3D5DC2A42E17414B0058094E /* SemaphoreStudentSwiftApp.swift in Sources */ = {isa = PBXBuildFile; fileRef = 3D5DC2A12E17414B0058094E /* SemaphoreStudentSwiftApp.swift */; };
		3D5DC2A52E17414B0058094E /* Assets.xcassets in Resources */ = {isa = PBXBuildFile; fileRef = 3D5DC29F2E17414B0058094E /* Assets.xcassets */; };
		3D5DC2AD2E1751F80058094E /* AppIcon.icon in Resources */ = {isa = PBXBuildFile; fileRef = 3D5DC2AC2E1751F80058094E /* AppIcon.icon */; };
		3D5DC2C22E17B5100058094E /* NFCReaderViewModel.swift in Sources */ = {isa = PBXBuildFile; fileRef = 3D5DC2C12E17B5100058094E /* NFCReaderViewModel.swift */; };
		3D5DC2C52E17BAA30058094E /* FlashVM.swift in Sources */ = {isa = PBXBuildFile; fileRef = 3D5DC2C42E17BAA30058094E /* FlashVM.swift */; };
		3D78DD312F3294A600FD3C14 /* SignatureResultWindow.swift in Sources */ = {isa = PBXBuildFile; fileRef = 3D78DD302F3294A600FD3C14 /* SignatureResultWindow.swift */; };
		3D78DD332F32C81500FD3C14 /* CourseVM.swift in Sources */ = {isa = PBXBuildFile; fileRef = 3D78DD322F32C81500FD3C14 /* CourseVM.swift */; };
		3D78DD362F32DA0900FD3C14 /* Date+Extensions.swift in Sources */ = {isa = PBXBuildFile; fileRef = 3D78DD352F32DA0900FD3C14 /* Date+Extensions.swift */; };
		3D78DD382F33045200FD3C14 /* CryptoTools.swift in Sources */ = {isa = PBXBuildFile; fileRef = 3D78DD372F33045200FD3C14 /* CryptoTools.swift */; };
		3DF3CE9E2E7D6CA200543DA9 /* MainPage.swift in Sources */ = {isa = PBXBuildFile; fileRef = 3DF3CE9D2E7D6CA200543DA9 /* MainPage.swift */; };
		3DF3CEA12E7D874900543DA9 /* Drapeau in Frameworks */ = {isa = PBXBuildFile; productRef = 3DF3CEA02E7D874900543DA9 /* Drapeau */; };
/* End PBXBuildFile section */

/* Begin PBXContainerItemProxy section */
		3D5DC27E2E173FE50058094E /* PBXContainerItemProxy */ = {
			isa = PBXContainerItemProxy;
			containerPortal = 3D5DC2682E173FE40058094E /* Project object */;
			proxyType = 1;
			remoteGlobalIDString = 3D5DC26F2E173FE40058094E;
			remoteInfo = SemaphoreStudentSwift;
		};
		3D5DC2882E173FE50058094E /* PBXContainerItemProxy */ = {
			isa = PBXContainerItemProxy;
			containerPortal = 3D5DC2682E173FE40058094E /* Project object */;
			proxyType = 1;
			remoteGlobalIDString = 3D5DC26F2E173FE40058094E;
			remoteInfo = SemaphoreStudentSwift;
		};
/* End PBXContainerItemProxy section */

/* Begin PBXFileReference section */
		3D2542E22F32118800F5EB80 /* AppEnvironment.swift */ = {isa = PBXFileReference; lastKnownFileType = sourcecode.swift; path = AppEnvironment.swift; sourceTree = "<group>"; };
		3D2543042F323B1400F5EB80 /* CourseDetailPage.swift */ = {isa = PBXFileReference; lastKnownFileType = sourcecode.swift; path = CourseDetailPage.swift; sourceTree = "<group>"; };
		3D2543062F3240A100F5EB80 /* SignatureLandingWindow.swift */ = {isa = PBXFileReference; lastKnownFileType = sourcecode.swift; path = SignatureLandingWindow.swift; sourceTree = "<group>"; };
		3D2543092F32532200F5EB80 /* SignatureWindow.swift */ = {isa = PBXFileReference; lastKnownFileType = sourcecode.swift; path = SignatureWindow.swift; sourceTree = "<group>"; };
		3D25430B2F32597C00F5EB80 /* SignatureVM.swift */ = {isa = PBXFileReference; lastKnownFileType = sourcecode.swift; path = SignatureVM.swift; sourceTree = "<group>"; };
		3D5DC2702E173FE40058094E /* SemaphoreStudentSwift.app */ = {isa = PBXFileReference; explicitFileType = wrapper.application; includeInIndex = 0; path = SemaphoreStudentSwift.app; sourceTree = BUILT_PRODUCTS_DIR; };
		3D5DC27D2E173FE50058094E /* SemaphoreStudentSwiftTests.xctest */ = {isa = PBXFileReference; explicitFileType = wrapper.cfbundle; includeInIndex = 0; path = SemaphoreStudentSwiftTests.xctest; sourceTree = BUILT_PRODUCTS_DIR; };
		3D5DC2872E173FE50058094E /* SemaphoreStudentSwiftUITests.xctest */ = {isa = PBXFileReference; explicitFileType = wrapper.cfbundle; includeInIndex = 0; path = SemaphoreStudentSwiftUITests.xctest; sourceTree = BUILT_PRODUCTS_DIR; };
		3D5DC29F2E17414B0058094E /* Assets.xcassets */ = {isa = PBXFileReference; lastKnownFileType = folder.assetcatalog; path = Assets.xcassets; sourceTree = "<group>"; };
		3D5DC2A02E17414B0058094E /* ContentView.swift */ = {isa = PBXFileReference; lastKnownFileType = sourcecode.swift; path = ContentView.swift; sourceTree = "<group>"; };
		3D5DC2A12E17414B0058094E /* SemaphoreStudentSwiftApp.swift */ = {isa = PBXFileReference; lastKnownFileType = sourcecode.swift; path = SemaphoreStudentSwiftApp.swift; sourceTree = "<group>"; };
		3D5DC2AC2E1751F80058094E /* AppIcon.icon */ = {isa = PBXFileReference; lastKnownFileType = folder.iconcomposer.icon; path = AppIcon.icon; sourceTree = "<group>"; };
		3D5DC2C12E17B5100058094E /* NFCReaderViewModel.swift */ = {isa = PBXFileReference; lastKnownFileType = sourcecode.swift; path = NFCReaderViewModel.swift; sourceTree = "<group>"; };
		3D5DC2C32E17B6D10058094E /* SemaphoreStudentSwift.entitlements */ = {isa = PBXFileReference; lastKnownFileType = text.plist.entitlements; path = SemaphoreStudentSwift.entitlements; sourceTree = "<group>"; };
		3D5DC2C42E17BAA30058094E /* FlashVM.swift */ = {isa = PBXFileReference; lastKnownFileType = sourcecode.swift; path = FlashVM.swift; sourceTree = "<group>"; };
		3D78DD302F3294A600FD3C14 /* SignatureResultWindow.swift */ = {isa = PBXFileReference; lastKnownFileType = sourcecode.swift; path = SignatureResultWindow.swift; sourceTree = "<group>"; };
		3D78DD322F32C81500FD3C14 /* CourseVM.swift */ = {isa = PBXFileReference; lastKnownFileType = sourcecode.swift; path = CourseVM.swift; sourceTree = "<group>"; };
		3D78DD352F32DA0900FD3C14 /* Date+Extensions.swift */ = {isa = PBXFileReference; lastKnownFileType = sourcecode.swift; path = "Date+Extensions.swift"; sourceTree = "<group>"; };
		3D78DD372F33045200FD3C14 /* CryptoTools.swift */ = {isa = PBXFileReference; lastKnownFileType = sourcecode.swift; path = CryptoTools.swift; sourceTree = "<group>"; };
		3DF3CE9D2E7D6CA200543DA9 /* MainPage.swift */ = {isa = PBXFileReference; lastKnownFileType = sourcecode.swift; path = MainPage.swift; sourceTree = "<group>"; };
/* End PBXFileReference section */

/* Begin PBXFileSystemSynchronizedRootGroup section */
		3D5DC2802E173FE50058094E /* SemaphoreStudentSwiftTests */ = {
			isa = PBXFileSystemSynchronizedRootGroup;
			path = SemaphoreStudentSwiftTests;
			sourceTree = "<group>";
		};
		3D5DC28A2E173FE50058094E /* SemaphoreStudentSwiftUITests */ = {
			isa = PBXFileSystemSynchronizedRootGroup;
			path = SemaphoreStudentSwiftUITests;
			sourceTree = "<group>";
		};
/* End PBXFileSystemSynchronizedRootGroup section */

/* Begin PBXFrameworksBuildPhase section */
		3D5DC26D2E173FE40058094E /* Frameworks */ = {
			isa = PBXFrameworksBuildPhase;
			buildActionMask = 2147483647;
			files = (
				3DF3CEA12E7D874900543DA9 /* Drapeau in Frameworks */,
				3D2542E12F320B1700F5EB80 /* Faisceau in Frameworks */,
			);
			runOnlyForDeploymentPostprocessing = 0;
		};
		3D5DC27A2E173FE50058094E /* Frameworks */ = {
			isa = PBXFrameworksBuildPhase;
			buildActionMask = 2147483647;
			files = (
			);
			runOnlyForDeploymentPostprocessing = 0;
		};
		3D5DC2842E173FE50058094E /* Frameworks */ = {
			isa = PBXFrameworksBuildPhase;
			buildActionMask = 2147483647;
			files = (
			);
			runOnlyForDeploymentPostprocessing = 0;
		};
/* End PBXFrameworksBuildPhase section */

/* Begin PBXGroup section */
		3D2543082F3252F700F5EB80 /* SignatureWindows */ = {
			isa = PBXGroup;
			children = (
				3D2543062F3240A100F5EB80 /* SignatureLandingWindow.swift */,
				3D2543092F32532200F5EB80 /* SignatureWindow.swift */,
				3D78DD302F3294A600FD3C14 /* SignatureResultWindow.swift */,
			);
			path = SignatureWindows;
			sourceTree = "<group>";
		};
		3D5DC2672E173FE40058094E = {
			isa = PBXGroup;
			children = (
				3D5DC2AC2E1751F80058094E /* AppIcon.icon */,
				3D5DC2A22E17414B0058094E /* SemaphoreStudentSwift */,
				3D5DC2802E173FE50058094E /* SemaphoreStudentSwiftTests */,
				3D5DC28A2E173FE50058094E /* SemaphoreStudentSwiftUITests */,
				3D5DC2712E173FE40058094E /* Products */,
			);
			sourceTree = "<group>";
		};
		3D5DC2712E173FE40058094E /* Products */ = {
			isa = PBXGroup;
			children = (
				3D5DC2702E173FE40058094E /* SemaphoreStudentSwift.app */,
				3D5DC27D2E173FE50058094E /* SemaphoreStudentSwiftTests.xctest */,
				3D5DC2872E173FE50058094E /* SemaphoreStudentSwiftUITests.xctest */,
			);
			name = Products;
			sourceTree = "<group>";
		};
		3D5DC29E2E17414B0058094E /* View */ = {
			isa = PBXGroup;
			children = (
				3D5DC2A02E17414B0058094E /* ContentView.swift */,
				3DF3CE9D2E7D6CA200543DA9 /* MainPage.swift */,
				3D2543042F323B1400F5EB80 /* CourseDetailPage.swift */,
				3D2543082F3252F700F5EB80 /* SignatureWindows */,
			);
			path = View;
			sourceTree = "<group>";
		};
		3D5DC2A22E17414B0058094E /* SemaphoreStudentSwift */ = {
			isa = PBXGroup;
			children = (
				3D5DC2C32E17B6D10058094E /* SemaphoreStudentSwift.entitlements */,
				3D5DC2A12E17414B0058094E /* SemaphoreStudentSwiftApp.swift */,
				3D5DC29E2E17414B0058094E /* View */,
				3D5DC2B32E177F470058094E /* ViewModel */,
				3D5DC2AE2E177E8F0058094E /* Model */,
				3D78DD342F32D9F900FD3C14 /* Utils */,
				3D5DC29F2E17414B0058094E /* Assets.xcassets */,
			);
			path = SemaphoreStudentSwift;
			sourceTree = "<group>";
		};
		3D5DC2AE2E177E8F0058094E /* Model */ = {
			isa = PBXGroup;
			children = (
			);
			path = Model;
			sourceTree = "<group>";
		};
		3D5DC2B32E177F470058094E /* ViewModel */ = {
			isa = PBXGroup;
			children = (
				3D2542E22F32118800F5EB80 /* AppEnvironment.swift */,
				3D5DC2C12E17B5100058094E /* NFCReaderViewModel.swift */,
				3D5DC2C42E17BAA30058094E /* FlashVM.swift */,
				3D25430B2F32597C00F5EB80 /* SignatureVM.swift */,
				3D78DD322F32C81500FD3C14 /* CourseVM.swift */,
			);
			path = ViewModel;
			sourceTree = "<group>";
		};
		3D78DD342F32D9F900FD3C14 /* Utils */ = {
			isa = PBXGroup;
			children = (
				3D78DD352F32DA0900FD3C14 /* Date+Extensions.swift */,
				3D78DD372F33045200FD3C14 /* CryptoTools.swift */,
			);
			path = Utils;
			sourceTree = "<group>";
		};
/* End PBXGroup section */

/* Begin PBXNativeTarget section */
		3D5DC26F2E173FE40058094E /* SemaphoreStudentSwift */ = {
			isa = PBXNativeTarget;
			buildConfigurationList = 3D5DC2912E173FE50058094E /* Build configuration list for PBXNativeTarget "SemaphoreStudentSwift" */;
			buildPhases = (
				3D5DC26C2E173FE40058094E /* Sources */,
				3D5DC26D2E173FE40058094E /* Frameworks */,
				3D5DC26E2E173FE40058094E /* Resources */,
			);
			buildRules = (
			);
			dependencies = (
			);
			name = SemaphoreStudentSwift;
			packageProductDependencies = (
				3DF3CEA02E7D874900543DA9 /* Drapeau */,
				3D2542E02F320B1700F5EB80 /* Faisceau */,
			);
			productName = SemaphoreStudentSwift;
			productReference = 3D5DC2702E173FE40058094E /* SemaphoreStudentSwift.app */;
			productType = "com.apple.product-type.application";
		};
		3D5DC27C2E173FE50058094E /* SemaphoreStudentSwiftTests */ = {
			isa = PBXNativeTarget;
			buildConfigurationList = 3D5DC2942E173FE50058094E /* Build configuration list for PBXNativeTarget "SemaphoreStudentSwiftTests" */;
			buildPhases = (
				3D5DC2792E173FE50058094E /* Sources */,
				3D5DC27A2E173FE50058094E /* Frameworks */,
				3D5DC27B2E173FE50058094E /* Resources */,
			);
			buildRules = (
			);
			dependencies = (
				3D5DC27F2E173FE50058094E /* PBXTargetDependency */,
			);
			fileSystemSynchronizedGroups = (
				3D5DC2802E173FE50058094E /* SemaphoreStudentSwiftTests */,
			);
			name = SemaphoreStudentSwiftTests;
			packageProductDependencies = (
			);
			productName = SemaphoreStudentSwiftTests;
			productReference = 3D5DC27D2E173FE50058094E /* SemaphoreStudentSwiftTests.xctest */;
			productType = "com.apple.product-type.bundle.unit-test";
		};
		3D5DC2862E173FE50058094E /* SemaphoreStudentSwiftUITests */ = {
			isa = PBXNativeTarget;
			buildConfigurationList = 3D5DC2972E173FE50058094E /* Build configuration list for PBXNativeTarget "SemaphoreStudentSwiftUITests" */;
			buildPhases = (
				3D5DC2832E173FE50058094E /* Sources */,
				3D5DC2842E173FE50058094E /* Frameworks */,
				3D5DC2852E173FE50058094E /* Resources */,
			);
			buildRules = (
			);
			dependencies = (
				3D5DC2892E173FE50058094E /* PBXTargetDependency */,
			);
			fileSystemSynchronizedGroups = (
				3D5DC28A2E173FE50058094E /* SemaphoreStudentSwiftUITests */,
			);
			name = SemaphoreStudentSwiftUITests;
			packageProductDependencies = (
			);
			productName = SemaphoreStudentSwiftUITests;
			productReference = 3D5DC2872E173FE50058094E /* SemaphoreStudentSwiftUITests.xctest */;
			productType = "com.apple.product-type.bundle.ui-testing";
		};
/* End PBXNativeTarget section */

/* Begin PBXProject section */
		3D5DC2682E173FE40058094E /* Project object */ = {
			isa = PBXProject;
			attributes = {
				BuildIndependentTargetsInParallel = 1;
				LastSwiftUpdateCheck = 2600;
				LastUpgradeCheck = 2600;
				TargetAttributes = {
					3D5DC26F2E173FE40058094E = {
						CreatedOnToolsVersion = 26.0;
					};
					3D5DC27C2E173FE50058094E = {
						CreatedOnToolsVersion = 26.0;
						TestTargetID = 3D5DC26F2E173FE40058094E;
					};
					3D5DC2862E173FE50058094E = {
						CreatedOnToolsVersion = 26.0;
						TestTargetID = 3D5DC26F2E173FE40058094E;
					};
				};
			};
			buildConfigurationList = 3D5DC26B2E173FE40058094E /* Build configuration list for PBXProject "SemaphoreStudentSwift" */;
			developmentRegion = en;
			hasScannedForEncodings = 0;
			knownRegions = (
				en,
				Base,
			);
			mainGroup = 3D5DC2672E173FE40058094E;
			minimizedProjectReferenceProxies = 1;
			packageReferences = (
				3DF3CE9F2E7D874900543DA9 /* XCRemoteSwiftPackageReference "DrapeauSwift" */,
				3D2542DF2F320B1700F5EB80 /* XCRemoteSwiftPackageReference "Faisceau" */,
			);
			preferredProjectObjectVersion = 77;
			productRefGroup = 3D5DC2712E173FE40058094E /* Products */;
			projectDirPath = "";
			projectRoot = "";
			targets = (
				3D5DC26F2E173FE40058094E /* SemaphoreStudentSwift */,
				3D5DC27C2E173FE50058094E /* SemaphoreStudentSwiftTests */,
				3D5DC2862E173FE50058094E /* SemaphoreStudentSwiftUITests */,
			);
		};
/* End PBXProject section */

/* Begin PBXResourcesBuildPhase section */
		3D5DC26E2E173FE40058094E /* Resources */ = {
			isa = PBXResourcesBuildPhase;
			buildActionMask = 2147483647;
			files = (
				3D5DC2A52E17414B0058094E /* Assets.xcassets in Resources */,
				3D5DC2AD2E1751F80058094E /* AppIcon.icon in Resources */,
			);
			runOnlyForDeploymentPostprocessing = 0;
		};
		3D5DC27B2E173FE50058094E /* Resources */ = {
			isa = PBXResourcesBuildPhase;
			buildActionMask = 2147483647;
			files = (
			);
			runOnlyForDeploymentPostprocessing = 0;
		};
		3D5DC2852E173FE50058094E /* Resources */ = {
			isa = PBXResourcesBuildPhase;
			buildActionMask = 2147483647;
			files = (
			);
			runOnlyForDeploymentPostprocessing = 0;
		};
/* End PBXResourcesBuildPhase section */

/* Begin PBXSourcesBuildPhase section */
		3D5DC26C2E173FE40058094E /* Sources */ = {
			isa = PBXSourcesBuildPhase;
			buildActionMask = 2147483647;
			files = (
				3D78DD382F33045200FD3C14 /* CryptoTools.swift in Sources */,
				3D2542E32F32118800F5EB80 /* AppEnvironment.swift in Sources */,
				3D5DC2C22E17B5100058094E /* NFCReaderViewModel.swift in Sources */,
				3D2543052F323B1400F5EB80 /* CourseDetailPage.swift in Sources */,
				3D78DD362F32DA0900FD3C14 /* Date+Extensions.swift in Sources */,
				3D78DD312F3294A600FD3C14 /* SignatureResultWindow.swift in Sources */,
				3D2543072F3240A100F5EB80 /* SignatureLandingWindow.swift in Sources */,
				3D25430A2F32532200F5EB80 /* SignatureWindow.swift in Sources */,
				3D5DC2A32E17414B0058094E /* ContentView.swift in Sources */,
				3D5DC2A42E17414B0058094E /* SemaphoreStudentSwiftApp.swift in Sources */,
				3D5DC2C52E17BAA30058094E /* FlashVM.swift in Sources */,
				3DF3CE9E2E7D6CA200543DA9 /* MainPage.swift in Sources */,
				3D78DD332F32C81500FD3C14 /* CourseVM.swift in Sources */,
				3D25430C2F32597C00F5EB80 /* SignatureVM.swift in Sources */,
			);
			runOnlyForDeploymentPostprocessing = 0;
		};
		3D5DC2792E173FE50058094E /* Sources */ = {
			isa = PBXSourcesBuildPhase;
			buildActionMask = 2147483647;
			files = (
			);
			runOnlyForDeploymentPostprocessing = 0;
		};
		3D5DC2832E173FE50058094E /* Sources */ = {
			isa = PBXSourcesBuildPhase;
			buildActionMask = 2147483647;
			files = (
			);
			runOnlyForDeploymentPostprocessing = 0;
		};
/* End PBXSourcesBuildPhase section */

/* Begin PBXTargetDependency section */
		3D5DC27F2E173FE50058094E /* PBXTargetDependency */ = {
			isa = PBXTargetDependency;
			target = 3D5DC26F2E173FE40058094E /* SemaphoreStudentSwift */;
			targetProxy = 3D5DC27E2E173FE50058094E /* PBXContainerItemProxy */;
		};
		3D5DC2892E173FE50058094E /* PBXTargetDependency */ = {
			isa = PBXTargetDependency;
			target = 3D5DC26F2E173FE40058094E /* SemaphoreStudentSwift */;
			targetProxy = 3D5DC2882E173FE50058094E /* PBXContainerItemProxy */;
		};
/* End PBXTargetDependency section */

/* Begin XCBuildConfiguration section */
		3D5DC28F2E173FE50058094E /* Debug */ = {
			isa = XCBuildConfiguration;
			buildSettings = {
				ALWAYS_SEARCH_USER_PATHS = NO;
				ASSETCATALOG_COMPILER_GENERATE_SWIFT_ASSET_SYMBOL_EXTENSIONS = YES;
				CLANG_ANALYZER_NONNULL = YES;
				CLANG_ANALYZER_NUMBER_OBJECT_CONVERSION = YES_AGGRESSIVE;
				CLANG_CXX_LANGUAGE_STANDARD = "gnu++20";
				CLANG_ENABLE_MODULES = YES;
				CLANG_ENABLE_OBJC_ARC = YES;
				CLANG_ENABLE_OBJC_WEAK = YES;
				CLANG_WARN_BLOCK_CAPTURE_AUTORELEASING = YES;
				CLANG_WARN_BOOL_CONVERSION = YES;
				CLANG_WARN_COMMA = YES;
				CLANG_WARN_CONSTANT_CONVERSION = YES;
				CLANG_WARN_DEPRECATED_OBJC_IMPLEMENTATIONS = YES;
				CLANG_WARN_DIRECT_OBJC_ISA_USAGE = YES_ERROR;
				CLANG_WARN_DOCUMENTATION_COMMENTS = YES;
				CLANG_WARN_EMPTY_BODY = YES;
				CLANG_WARN_ENUM_CONVERSION = YES;
				CLANG_WARN_INFINITE_RECURSION = YES;
				CLANG_WARN_INT_CONVERSION = YES;
				CLANG_WARN_NON_LITERAL_NULL_CONVERSION = YES;
				CLANG_WARN_OBJC_IMPLICIT_RETAIN_SELF = YES;
				CLANG_WARN_OBJC_LITERAL_CONVERSION = YES;
				CLANG_WARN_OBJC_ROOT_CLASS = YES_ERROR;
				CLANG_WARN_QUOTED_INCLUDE_IN_FRAMEWORK_HEADER = YES;
				CLANG_WARN_RANGE_LOOP_ANALYSIS = YES;
				CLANG_WARN_STRICT_PROTOTYPES = YES;
				CLANG_WARN_SUSPICIOUS_MOVE = YES;
				CLANG_WARN_UNGUARDED_AVAILABILITY = YES_AGGRESSIVE;
				CLANG_WARN_UNREACHABLE_CODE = YES;
				CLANG_WARN__DUPLICATE_METHOD_MATCH = YES;
				COPY_PHASE_STRIP = NO;
				DEBUG_INFORMATION_FORMAT = dwarf;
				DEVELOPMENT_TEAM = BK8PRMYFUA;
				ENABLE_STRICT_OBJC_MSGSEND = YES;
				ENABLE_TESTABILITY = YES;
				ENABLE_USER_SCRIPT_SANDBOXING = YES;
				GCC_C_LANGUAGE_STANDARD = gnu17;
				GCC_DYNAMIC_NO_PIC = NO;
				GCC_NO_COMMON_BLOCKS = YES;
				GCC_OPTIMIZATION_LEVEL = 0;
				GCC_PREPROCESSOR_DEFINITIONS = (
					"DEBUG=1",
					"$(inherited)",
				);
				GCC_WARN_64_TO_32_BIT_CONVERSION = YES;
				GCC_WARN_ABOUT_RETURN_TYPE = YES_ERROR;
				GCC_WARN_UNDECLARED_SELECTOR = YES;
				GCC_WARN_UNINITIALIZED_AUTOS = YES_AGGRESSIVE;
				GCC_WARN_UNUSED_FUNCTION = YES;
				GCC_WARN_UNUSED_VARIABLE = YES;
				LOCALIZATION_PREFERS_STRING_CATALOGS = YES;
				MTL_ENABLE_DEBUG_INFO = INCLUDE_SOURCE;
				MTL_FAST_MATH = YES;
				ONLY_ACTIVE_ARCH = YES;
				SWIFT_ACTIVE_COMPILATION_CONDITIONS = "DEBUG $(inherited)";
				SWIFT_OPTIMIZATION_LEVEL = "-Onone";
			};
			name = Debug;
		};
		3D5DC2902E173FE50058094E /* Release */ = {
			isa = XCBuildConfiguration;
			buildSettings = {
				ALWAYS_SEARCH_USER_PATHS = NO;
				ASSETCATALOG_COMPILER_GENERATE_SWIFT_ASSET_SYMBOL_EXTENSIONS = YES;
				CLANG_ANALYZER_NONNULL = YES;
				CLANG_ANALYZER_NUMBER_OBJECT_CONVERSION = YES_AGGRESSIVE;
				CLANG_CXX_LANGUAGE_STANDARD = "gnu++20";
				CLANG_ENABLE_MODULES = YES;
				CLANG_ENABLE_OBJC_ARC = YES;
				CLANG_ENABLE_OBJC_WEAK = YES;
				CLANG_WARN_BLOCK_CAPTURE_AUTORELEASING = YES;
				CLANG_WARN_BOOL_CONVERSION = YES;
				CLANG_WARN_COMMA = YES;
				CLANG_WARN_CONSTANT_CONVERSION = YES;
				CLANG_WARN_DEPRECATED_OBJC_IMPLEMENTATIONS = YES;
				CLANG_WARN_DIRECT_OBJC_ISA_USAGE = YES_ERROR;
				CLANG_WARN_DOCUMENTATION_COMMENTS = YES;
				CLANG_WARN_EMPTY_BODY = YES;
				CLANG_WARN_ENUM_CONVERSION = YES;
				CLANG_WARN_INFINITE_RECURSION = YES;
				CLANG_WARN_INT_CONVERSION = YES;
				CLANG_WARN_NON_LITERAL_NULL_CONVERSION = YES;
				CLANG_WARN_OBJC_IMPLICIT_RETAIN_SELF = YES;
				CLANG_WARN_OBJC_LITERAL_CONVERSION = YES;
				CLANG_WARN_OBJC_ROOT_CLASS = YES_ERROR;
				CLANG_WARN_QUOTED_INCLUDE_IN_FRAMEWORK_HEADER = YES;
				CLANG_WARN_RANGE_LOOP_ANALYSIS = YES;
				CLANG_WARN_STRICT_PROTOTYPES = YES;
				CLANG_WARN_SUSPICIOUS_MOVE = YES;
				CLANG_WARN_UNGUARDED_AVAILABILITY = YES_AGGRESSIVE;
				CLANG_WARN_UNREACHABLE_CODE = YES;
				CLANG_WARN__DUPLICATE_METHOD_MATCH = YES;
				COPY_PHASE_STRIP = NO;
				DEBUG_INFORMATION_FORMAT = "dwarf-with-dsym";
				DEVELOPMENT_TEAM = BK8PRMYFUA;
				ENABLE_NS_ASSERTIONS = NO;
				ENABLE_STRICT_OBJC_MSGSEND = YES;
				ENABLE_USER_SCRIPT_SANDBOXING = YES;
				GCC_C_LANGUAGE_STANDARD = gnu17;
				GCC_NO_COMMON_BLOCKS = YES;
				GCC_WARN_64_TO_32_BIT_CONVERSION = YES;
				GCC_WARN_ABOUT_RETURN_TYPE = YES_ERROR;
				GCC_WARN_UNDECLARED_SELECTOR = YES;
				GCC_WARN_UNINITIALIZED_AUTOS = YES_AGGRESSIVE;
				GCC_WARN_UNUSED_FUNCTION = YES;
				GCC_WARN_UNUSED_VARIABLE = YES;
				LOCALIZATION_PREFERS_STRING_CATALOGS = YES;
				MTL_ENABLE_DEBUG_INFO = NO;
				MTL_FAST_MATH = YES;
				SWIFT_COMPILATION_MODE = wholemodule;
			};
			name = Release;
		};
		3D5DC2922E173FE50058094E /* Debug */ = {
			isa = XCBuildConfiguration;
			buildSettings = {
				ASSETCATALOG_COMPILER_APPICON_NAME = AppIcon;
				ASSETCATALOG_COMPILER_GLOBAL_ACCENT_COLOR_NAME = AccentColor;
				ASSETCATALOG_COMPILER_INCLUDE_ALL_APPICON_ASSETS = NO;
				CODE_SIGN_ENTITLEMENTS = SemaphoreStudentSwift/SemaphoreStudentSwift.entitlements;
				CODE_SIGN_STYLE = Automatic;
				CURRENT_PROJECT_VERSION = 1;
				DEVELOPMENT_TEAM = BK8PRMYFUA;
				ENABLE_APP_SANDBOX = YES;
				ENABLE_HARDENED_RUNTIME = YES;
				ENABLE_INCOMING_NETWORK_CONNECTIONS = YES;
				ENABLE_OUTGOING_NETWORK_CONNECTIONS = YES;
				ENABLE_PREVIEWS = YES;
				ENABLE_RESOURCE_ACCESS_AUDIO_INPUT = NO;
				ENABLE_RESOURCE_ACCESS_BLUETOOTH = NO;
				ENABLE_RESOURCE_ACCESS_CALENDARS = NO;
				ENABLE_RESOURCE_ACCESS_CAMERA = YES;
				ENABLE_RESOURCE_ACCESS_CONTACTS = NO;
				ENABLE_RESOURCE_ACCESS_LOCATION = NO;
				ENABLE_RESOURCE_ACCESS_PRINTING = NO;
				ENABLE_RESOURCE_ACCESS_USB = NO;
				ENABLE_USER_SELECTED_FILES = readonly;
				GENERATE_INFOPLIST_FILE = YES;
				INFOPLIST_KEY_CFBundleDisplayName = "Sémaphore";
				INFOPLIST_KEY_NFCReaderUsageDescription = "On a besoin du NFC";
				"INFOPLIST_KEY_UIApplicationSceneManifest_Generation[sdk=iphoneos*]" = YES;
				"INFOPLIST_KEY_UIApplicationSceneManifest_Generation[sdk=iphonesimulator*]" = YES;
				"INFOPLIST_KEY_UIApplicationSupportsIndirectInputEvents[sdk=iphoneos*]" = YES;
				"INFOPLIST_KEY_UIApplicationSupportsIndirectInputEvents[sdk=iphonesimulator*]" = YES;
				"INFOPLIST_KEY_UILaunchScreen_Generation[sdk=iphoneos*]" = YES;
				"INFOPLIST_KEY_UILaunchScreen_Generation[sdk=iphonesimulator*]" = YES;
				"INFOPLIST_KEY_UIStatusBarStyle[sdk=iphoneos*]" = UIStatusBarStyleDefault;
				"INFOPLIST_KEY_UIStatusBarStyle[sdk=iphonesimulator*]" = UIStatusBarStyleDefault;
				INFOPLIST_KEY_UISupportedInterfaceOrientations_iPad = "UIInterfaceOrientationPortrait UIInterfaceOrientationPortraitUpsideDown UIInterfaceOrientationLandscapeLeft UIInterfaceOrientationLandscapeRight";
				INFOPLIST_KEY_UISupportedInterfaceOrientations_iPhone = "UIInterfaceOrientationPortrait UIInterfaceOrientationLandscapeLeft UIInterfaceOrientationLandscapeRight";
				IPHONEOS_DEPLOYMENT_TARGET = 26.0;
				LD_RUNPATH_SEARCH_PATHS = "@executable_path/Frameworks";
				"LD_RUNPATH_SEARCH_PATHS[sdk=macosx*]" = "@executable_path/../Frameworks";
				MACOSX_DEPLOYMENT_TARGET = 26.0;
				MARKETING_VERSION = 1.0;
				PRODUCT_BUNDLE_IDENTIFIER = com.thomaslebonnec.SemaphoreStudentSwift;
				PRODUCT_NAME = "$(TARGET_NAME)";
				REGISTER_APP_GROUPS = YES;
				SDKROOT = auto;
				STRING_CATALOG_GENERATE_SYMBOLS = YES;
				SUPPORTED_PLATFORMS = "iphoneos iphonesimulator macosx xros xrsimulator";
				SWIFT_DEFAULT_ACTOR_ISOLATION = MainActor;
				SWIFT_EMIT_LOC_STRINGS = YES;
				SWIFT_UPCOMING_FEATURE_MEMBER_IMPORT_VISIBILITY = YES;
				SWIFT_VERSION = 5.0;
				TARGETED_DEVICE_FAMILY = "1,2,7";
				XROS_DEPLOYMENT_TARGET = 26.0;
			};
			name = Debug;
		};
		3D5DC2932E173FE50058094E /* Release */ = {
			isa = XCBuildConfiguration;
			buildSettings = {
				ASSETCATALOG_COMPILER_APPICON_NAME = AppIcon;
				ASSETCATALOG_COMPILER_GLOBAL_ACCENT_COLOR_NAME = AccentColor;
				ASSETCATALOG_COMPILER_INCLUDE_ALL_APPICON_ASSETS = NO;
				CODE_SIGN_ENTITLEMENTS = SemaphoreStudentSwift/SemaphoreStudentSwift.entitlements;
				CODE_SIGN_STYLE = Automatic;
				CURRENT_PROJECT_VERSION = 1;
				DEVELOPMENT_TEAM = BK8PRMYFUA;
				ENABLE_APP_SANDBOX = YES;
				ENABLE_HARDENED_RUNTIME = YES;
				ENABLE_INCOMING_NETWORK_CONNECTIONS = YES;
				ENABLE_OUTGOING_NETWORK_CONNECTIONS = YES;
				ENABLE_PREVIEWS = YES;
				ENABLE_RESOURCE_ACCESS_AUDIO_INPUT = NO;
				ENABLE_RESOURCE_ACCESS_BLUETOOTH = NO;
				ENABLE_RESOURCE_ACCESS_CALENDARS = NO;
				ENABLE_RESOURCE_ACCESS_CAMERA = YES;
				ENABLE_RESOURCE_ACCESS_CONTACTS = NO;
				ENABLE_RESOURCE_ACCESS_LOCATION = NO;
				ENABLE_RESOURCE_ACCESS_PRINTING = NO;
				ENABLE_RESOURCE_ACCESS_USB = NO;
				ENABLE_USER_SELECTED_FILES = readonly;
				GENERATE_INFOPLIST_FILE = YES;
				INFOPLIST_KEY_CFBundleDisplayName = "Sémaphore";
				INFOPLIST_KEY_NFCReaderUsageDescription = "On a besoin du NFC";
				"INFOPLIST_KEY_UIApplicationSceneManifest_Generation[sdk=iphoneos*]" = YES;
				"INFOPLIST_KEY_UIApplicationSceneManifest_Generation[sdk=iphonesimulator*]" = YES;
				"INFOPLIST_KEY_UIApplicationSupportsIndirectInputEvents[sdk=iphoneos*]" = YES;
				"INFOPLIST_KEY_UIApplicationSupportsIndirectInputEvents[sdk=iphonesimulator*]" = YES;
				"INFOPLIST_KEY_UILaunchScreen_Generation[sdk=iphoneos*]" = YES;
				"INFOPLIST_KEY_UILaunchScreen_Generation[sdk=iphonesimulator*]" = YES;
				"INFOPLIST_KEY_UIStatusBarStyle[sdk=iphoneos*]" = UIStatusBarStyleDefault;
				"INFOPLIST_KEY_UIStatusBarStyle[sdk=iphonesimulator*]" = UIStatusBarStyleDefault;
				INFOPLIST_KEY_UISupportedInterfaceOrientations_iPad = "UIInterfaceOrientationPortrait UIInterfaceOrientationPortraitUpsideDown UIInterfaceOrientationLandscapeLeft UIInterfaceOrientationLandscapeRight";
				INFOPLIST_KEY_UISupportedInterfaceOrientations_iPhone = "UIInterfaceOrientationPortrait UIInterfaceOrientationLandscapeLeft UIInterfaceOrientationLandscapeRight";
				IPHONEOS_DEPLOYMENT_TARGET = 26.0;
				LD_RUNPATH_SEARCH_PATHS = "@executable_path/Frameworks";
				"LD_RUNPATH_SEARCH_PATHS[sdk=macosx*]" = "@executable_path/../Frameworks";
				MACOSX_DEPLOYMENT_TARGET = 26.0;
				MARKETING_VERSION = 1.0;
				PRODUCT_BUNDLE_IDENTIFIER = com.thomaslebonnec.SemaphoreStudentSwift;
				PRODUCT_NAME = "$(TARGET_NAME)";
				REGISTER_APP_GROUPS = YES;
				SDKROOT = auto;
				STRING_CATALOG_GENERATE_SYMBOLS = YES;
				SUPPORTED_PLATFORMS = "iphoneos iphonesimulator macosx xros xrsimulator";
				SWIFT_DEFAULT_ACTOR_ISOLATION = MainActor;
				SWIFT_EMIT_LOC_STRINGS = YES;
				SWIFT_UPCOMING_FEATURE_MEMBER_IMPORT_VISIBILITY = YES;
				SWIFT_VERSION = 5.0;
				TARGETED_DEVICE_FAMILY = "1,2,7";
				XROS_DEPLOYMENT_TARGET = 26.0;
			};
			name = Release;
		};
		3D5DC2952E173FE50058094E /* Debug */ = {
			isa = XCBuildConfiguration;
			buildSettings = {
				BUNDLE_LOADER = "$(TEST_HOST)";
				CODE_SIGN_STYLE = Automatic;
				CURRENT_PROJECT_VERSION = 1;
				DEVELOPMENT_TEAM = BK8PRMYFUA;
				GENERATE_INFOPLIST_FILE = YES;
				IPHONEOS_DEPLOYMENT_TARGET = 26.0;
				MACOSX_DEPLOYMENT_TARGET = 15.5;
				MARKETING_VERSION = 1.0;
				PRODUCT_BUNDLE_IDENTIFIER = com.thomaslebonnec.SemaphoreStudentSwiftTests;
				PRODUCT_NAME = "$(TARGET_NAME)";
				SDKROOT = auto;
				STRING_CATALOG_GENERATE_SYMBOLS = NO;
				SUPPORTED_PLATFORMS = "iphoneos iphonesimulator macosx xros xrsimulator";
				SWIFT_EMIT_LOC_STRINGS = NO;
				SWIFT_UPCOMING_FEATURE_MEMBER_IMPORT_VISIBILITY = YES;
				SWIFT_VERSION = 5.0;
				TARGETED_DEVICE_FAMILY = "1,2,7";
				TEST_HOST = "$(BUILT_PRODUCTS_DIR)/SemaphoreStudentSwift.app/$(BUNDLE_EXECUTABLE_FOLDER_PATH)/SemaphoreStudentSwift";
				XROS_DEPLOYMENT_TARGET = 26.0;
			};
			name = Debug;
		};
		3D5DC2962E173FE50058094E /* Release */ = {
			isa = XCBuildConfiguration;
			buildSettings = {
				BUNDLE_LOADER = "$(TEST_HOST)";
				CODE_SIGN_STYLE = Automatic;
				CURRENT_PROJECT_VERSION = 1;
				DEVELOPMENT_TEAM = BK8PRMYFUA;
				GENERATE_INFOPLIST_FILE = YES;
				IPHONEOS_DEPLOYMENT_TARGET = 26.0;
				MACOSX_DEPLOYMENT_TARGET = 15.5;
				MARKETING_VERSION = 1.0;
				PRODUCT_BUNDLE_IDENTIFIER = com.thomaslebonnec.SemaphoreStudentSwiftTests;
				PRODUCT_NAME = "$(TARGET_NAME)";
				SDKROOT = auto;
				STRING_CATALOG_GENERATE_SYMBOLS = NO;
				SUPPORTED_PLATFORMS = "iphoneos iphonesimulator macosx xros xrsimulator";
				SWIFT_EMIT_LOC_STRINGS = NO;
				SWIFT_UPCOMING_FEATURE_MEMBER_IMPORT_VISIBILITY = YES;
				SWIFT_VERSION = 5.0;
				TARGETED_DEVICE_FAMILY = "1,2,7";
				TEST_HOST = "$(BUILT_PRODUCTS_DIR)/SemaphoreStudentSwift.app/$(BUNDLE_EXECUTABLE_FOLDER_PATH)/SemaphoreStudentSwift";
				XROS_DEPLOYMENT_TARGET = 26.0;
			};
			name = Release;
		};
		3D5DC2982E173FE50058094E /* Debug */ = {
			isa = XCBuildConfiguration;
			buildSettings = {
				CODE_SIGN_STYLE = Automatic;
				CURRENT_PROJECT_VERSION = 1;
				DEVELOPMENT_TEAM = BK8PRMYFUA;
				GENERATE_INFOPLIST_FILE = YES;
				IPHONEOS_DEPLOYMENT_TARGET = 26.0;
				MACOSX_DEPLOYMENT_TARGET = 15.5;
				MARKETING_VERSION = 1.0;
				PRODUCT_BUNDLE_IDENTIFIER = com.thomaslebonnec.SemaphoreStudentSwiftUITests;
				PRODUCT_NAME = "$(TARGET_NAME)";
				SDKROOT = auto;
				STRING_CATALOG_GENERATE_SYMBOLS = NO;
				SUPPORTED_PLATFORMS = "iphoneos iphonesimulator macosx xros xrsimulator";
				SWIFT_EMIT_LOC_STRINGS = NO;
				SWIFT_UPCOMING_FEATURE_MEMBER_IMPORT_VISIBILITY = YES;
				SWIFT_VERSION = 5.0;
				TARGETED_DEVICE_FAMILY = "1,2,7";
				TEST_TARGET_NAME = SemaphoreStudentSwift;
				XROS_DEPLOYMENT_TARGET = 26.0;
			};
			name = Debug;
		};
		3D5DC2992E173FE50058094E /* Release */ = {
			isa = XCBuildConfiguration;
			buildSettings = {
				CODE_SIGN_STYLE = Automatic;
				CURRENT_PROJECT_VERSION = 1;
				DEVELOPMENT_TEAM = BK8PRMYFUA;
				GENERATE_INFOPLIST_FILE = YES;
				IPHONEOS_DEPLOYMENT_TARGET = 26.0;
				MACOSX_DEPLOYMENT_TARGET = 15.5;
				MARKETING_VERSION = 1.0;
				PRODUCT_BUNDLE_IDENTIFIER = com.thomaslebonnec.SemaphoreStudentSwiftUITests;
				PRODUCT_NAME = "$(TARGET_NAME)";
				SDKROOT = auto;
				STRING_CATALOG_GENERATE_SYMBOLS = NO;
				SUPPORTED_PLATFORMS = "iphoneos iphonesimulator macosx xros xrsimulator";
				SWIFT_EMIT_LOC_STRINGS = NO;
				SWIFT_UPCOMING_FEATURE_MEMBER_IMPORT_VISIBILITY = YES;
				SWIFT_VERSION = 5.0;
				TARGETED_DEVICE_FAMILY = "1,2,7";
				TEST_TARGET_NAME = SemaphoreStudentSwift;
				XROS_DEPLOYMENT_TARGET = 26.0;
			};
			name = Release;
		};
/* End XCBuildConfiguration section */

/* Begin XCConfigurationList section */
		3D5DC26B2E173FE40058094E /* Build configuration list for PBXProject "SemaphoreStudentSwift" */ = {
			isa = XCConfigurationList;
			buildConfigurations = (
				3D5DC28F2E173FE50058094E /* Debug */,
				3D5DC2902E173FE50058094E /* Release */,
			);
			defaultConfigurationIsVisible = 0;
			defaultConfigurationName = Release;
		};
		3D5DC2912E173FE50058094E /* Build configuration list for PBXNativeTarget "SemaphoreStudentSwift" */ = {
			isa = XCConfigurationList;
			buildConfigurations = (
				3D5DC2922E173FE50058094E /* Debug */,
				3D5DC2932E173FE50058094E /* Release */,
			);
			defaultConfigurationIsVisible = 0;
			defaultConfigurationName = Release;
		};
		3D5DC2942E173FE50058094E /* Build configuration list for PBXNativeTarget "SemaphoreStudentSwiftTests" */ = {
			isa = XCConfigurationList;
			buildConfigurations = (
				3D5DC2952E173FE50058094E /* Debug */,
				3D5DC2962E173FE50058094E /* Release */,
			);
			defaultConfigurationIsVisible = 0;
			defaultConfigurationName = Release;
		};
		3D5DC2972E173FE50058094E /* Build configuration list for PBXNativeTarget "SemaphoreStudentSwiftUITests" */ = {
			isa = XCConfigurationList;
			buildConfigurations = (
				3D5DC2982E173FE50058094E /* Debug */,
				3D5DC2992E173FE50058094E /* Release */,
			);
			defaultConfigurationIsVisible = 0;
			defaultConfigurationName = Release;
		};
/* End XCConfigurationList section */

/* Begin XCRemoteSwiftPackageReference section */
		3D2542DF2F320B1700F5EB80 /* XCRemoteSwiftPackageReference "Faisceau" */ = {
			isa = XCRemoteSwiftPackageReference;
			repositoryURL = "https://github.com/Semaphore-EFREI/Faisceau.git";
			requirement = {
				branch = main;
				kind = branch;
			};
		};
		3DF3CE9F2E7D874900543DA9 /* XCRemoteSwiftPackageReference "DrapeauSwift" */ = {
			isa = XCRemoteSwiftPackageReference;
			repositoryURL = "https://github.com/Semaphore-EFREI/DrapeauSwift";
			requirement = {
				branch = alpha;
				kind = branch;
			};
		};
/* End XCRemoteSwiftPackageReference section */

/* Begin XCSwiftPackageProductDependency section */
		3D2542E02F320B1700F5EB80 /* Faisceau */ = {
			isa = XCSwiftPackageProductDependency;
			package = 3D2542DF2F320B1700F5EB80 /* XCRemoteSwiftPackageReference "Faisceau" */;
			productName = Faisceau;
		};
		3DF3CEA02E7D874900543DA9 /* Drapeau */ = {
			isa = XCSwiftPackageProductDependency;
			package = 3DF3CE9F2E7D874900543DA9 /* XCRemoteSwiftPackageReference "DrapeauSwift" */;
			productName = Drapeau;
		};
/* End XCSwiftPackageProductDependency section */
	};
	rootObject = 3D5DC2682E173FE40058094E /* Project object */;
}
